// !$*UTF8*$!
{
	archiveVersion = 1;
	classes = {
	};
	objectVersion = 48;
	objects = {

/* Begin PBXBuildFile section */
		679E0313209EA79900B30F2D /* Register.storyboard in Resources */ = {isa = PBXBuildFile; fileRef = 679E0312209EA79900B30F2D /* Register.storyboard */; };
		679E0315209EAC3F00B30F2D /* RegisterViewController.swift in Sources */ = {isa = PBXBuildFile; fileRef = 679E0314209EAC3F00B30F2D /* RegisterViewController.swift */; };
		679E0317209EE67500B30F2D /* GroupViewController.swift in Sources */ = {isa = PBXBuildFile; fileRef = 679E0316209EE67400B30F2D /* GroupViewController.swift */; };
		93232E41209E94D80011512E /* AppDelegate.swift in Sources */ = {isa = PBXBuildFile; fileRef = 93232E40209E94D80011512E /* AppDelegate.swift */; };
		93232E43209E94D80011512E /* ViewController.swift in Sources */ = {isa = PBXBuildFile; fileRef = 93232E42209E94D80011512E /* ViewController.swift */; };
		93232E46209E94D80011512E /* Main.storyboard in Resources */ = {isa = PBXBuildFile; fileRef = 93232E44209E94D80011512E /* Main.storyboard */; };
		93232E48209E94D80011512E /* Assets.xcassets in Resources */ = {isa = PBXBuildFile; fileRef = 93232E47209E94D80011512E /* Assets.xcassets */; };
		93232E4B209E94D80011512E /* LaunchScreen.storyboard in Resources */ = {isa = PBXBuildFile; fileRef = 93232E49209E94D80011512E /* LaunchScreen.storyboard */; };
		93232E53209EB4940011512E /* LoginViewController.swift in Sources */ = {isa = PBXBuildFile; fileRef = 93232E52209EB4940011512E /* LoginViewController.swift */; };
		93232E55209EB63B0011512E /* Request.swift in Sources */ = {isa = PBXBuildFile; fileRef = 93232E54209EB63B0011512E /* Request.swift */; };
		93232E5C209EC5B70011512E /* GroupTableViewCell.swift in Sources */ = {isa = PBXBuildFile; fileRef = 93232E5B209EC5B70011512E /* GroupTableViewCell.swift */; };
		93232E5E209ED6D70011512E /* UserCalendarCollectionViewCell.swift in Sources */ = {isa = PBXBuildFile; fileRef = 93232E5D209ED6D70011512E /* UserCalendarCollectionViewCell.swift */; };
		93232E60209ED75A0011512E /* UserCalendarViewController.swift in Sources */ = {isa = PBXBuildFile; fileRef = 93232E5F209ED75A0011512E /* UserCalendarViewController.swift */; };
		93232E62209ED8340011512E /* UserInToggleTableViewCell.swift in Sources */ = {isa = PBXBuildFile; fileRef = 93232E61209ED8340011512E /* UserInToggleTableViewCell.swift */; };
/* End PBXBuildFile section */

/* Begin PBXFileReference section */
		679E0312209EA79900B30F2D /* Register.storyboard */ = {isa = PBXFileReference; lastKnownFileType = file.storyboard; path = Register.storyboard; sourceTree = "<group>"; };
		679E0314209EAC3F00B30F2D /* RegisterViewController.swift */ = {isa = PBXFileReference; lastKnownFileType = sourcecode.swift; path = RegisterViewController.swift; sourceTree = "<group>"; };
		679E0316209EE67400B30F2D /* GroupViewController.swift */ = {isa = PBXFileReference; fileEncoding = 4; lastKnownFileType = sourcecode.swift; path = GroupViewController.swift; sourceTree = "<group>"; };
		93232E3D209E94D80011512E /* Locus.app */ = {isa = PBXFileReference; explicitFileType = wrapper.application; includeInIndex = 0; path = Locus.app; sourceTree = BUILT_PRODUCTS_DIR; };
		93232E40209E94D80011512E /* AppDelegate.swift */ = {isa = PBXFileReference; lastKnownFileType = sourcecode.swift; path = AppDelegate.swift; sourceTree = "<group>"; };
		93232E42209E94D80011512E /* ViewController.swift */ = {isa = PBXFileReference; lastKnownFileType = sourcecode.swift; path = ViewController.swift; sourceTree = "<group>"; };
		93232E45209E94D80011512E /* Base */ = {isa = PBXFileReference; lastKnownFileType = file.storyboard; name = Base; path = Base.lproj/Main.storyboard; sourceTree = "<group>"; };
		93232E47209E94D80011512E /* Assets.xcassets */ = {isa = PBXFileReference; lastKnownFileType = folder.assetcatalog; path = Assets.xcassets; sourceTree = "<group>"; };
		93232E4A209E94D80011512E /* Base */ = {isa = PBXFileReference; lastKnownFileType = file.storyboard; name = Base; path = Base.lproj/LaunchScreen.storyboard; sourceTree = "<group>"; };
		93232E4C209E94D80011512E /* Info.plist */ = {isa = PBXFileReference; lastKnownFileType = text.plist.xml; path = Info.plist; sourceTree = "<group>"; };
		93232E52209EB4940011512E /* LoginViewController.swift */ = {isa = PBXFileReference; lastKnownFileType = sourcecode.swift; path = LoginViewController.swift; sourceTree = "<group>"; };
		93232E54209EB63B0011512E /* Request.swift */ = {isa = PBXFileReference; lastKnownFileType = sourcecode.swift; path = Request.swift; sourceTree = "<group>"; };
		93232E5B209EC5B70011512E /* GroupTableViewCell.swift */ = {isa = PBXFileReference; lastKnownFileType = sourcecode.swift; path = GroupTableViewCell.swift; sourceTree = "<group>"; };
		93232E5D209ED6D70011512E /* UserCalendarCollectionViewCell.swift */ = {isa = PBXFileReference; lastKnownFileType = sourcecode.swift; path = UserCalendarCollectionViewCell.swift; sourceTree = "<group>"; };
		93232E5F209ED75A0011512E /* UserCalendarViewController.swift */ = {isa = PBXFileReference; lastKnownFileType = sourcecode.swift; path = UserCalendarViewController.swift; sourceTree = "<group>"; };
		93232E61209ED8340011512E /* UserInToggleTableViewCell.swift */ = {isa = PBXFileReference; lastKnownFileType = sourcecode.swift; path = UserInToggleTableViewCell.swift; sourceTree = "<group>"; };
/* End PBXFileReference section */

/* Begin PBXFrameworksBuildPhase section */
		93232E3A209E94D80011512E /* Frameworks */ = {
			isa = PBXFrameworksBuildPhase;
			buildActionMask = 2147483647;
			files = (
			);
			runOnlyForDeploymentPostprocessing = 0;
		};
/* End PBXFrameworksBuildPhase section */

/* Begin PBXGroup section */
		93232E34209E94D80011512E = {
			isa = PBXGroup;
			children = (
				93232E58209EB6820011512E /* Util */,
				93232E57209EB64E0011512E /* View */,
				93232E56209EB6410011512E /* Controller */,
				93232E3F209E94D80011512E /* Locus */,
				93232E3E209E94D80011512E /* Products */,
			);
			sourceTree = "<group>";
		};
		93232E3E209E94D80011512E /* Products */ = {
			isa = PBXGroup;
			children = (
				93232E3D209E94D80011512E /* Locus.app */,
			);
			name = Products;
			sourceTree = "<group>";
		};
		93232E3F209E94D80011512E /* Locus */ = {
			isa = PBXGroup;
			children = (
				679E0312209EA79900B30F2D /* Register.storyboard */,
				679E0314209EAC3F00B30F2D /* RegisterViewController.swift */,
				93232E40209E94D80011512E /* AppDelegate.swift */,
				93232E47209E94D80011512E /* Assets.xcassets */,
				93232E4C209E94D80011512E /* Info.plist */,
			);
			path = Locus;
			sourceTree = "<group>";
		};
		93232E56209EB6410011512E /* Controller */ = {
			isa = PBXGroup;
			children = (
				93232E52209EB4940011512E /* LoginViewController.swift */,
				93232E42209E94D80011512E /* ViewController.swift */,
				679E0316209EE67400B30F2D /* GroupViewController.swift */,
				93232E5F209ED75A0011512E /* UserCalendarViewController.swift */,
			);
			path = Controller;
			sourceTree = "<group>";
		};
		93232E57209EB64E0011512E /* View */ = {
			isa = PBXGroup;
			children = (
				93232E49209E94D80011512E /* LaunchScreen.storyboard */,
				93232E44209E94D80011512E /* Main.storyboard */,
				93232E5B209EC5B70011512E /* GroupTableViewCell.swift */,
				93232E5D209ED6D70011512E /* UserCalendarCollectionViewCell.swift */,
				93232E61209ED8340011512E /* UserInToggleTableViewCell.swift */,
			);
			path = View;
			sourceTree = "<group>";
		};
		93232E58209EB6820011512E /* Util */ = {
			isa = PBXGroup;
			children = (
				93232E54209EB63B0011512E /* Request.swift */,
			);
			path = Util;
			sourceTree = "<group>";
		};
/* End PBXGroup section */

/* Begin PBXNativeTarget section */
		93232E3C209E94D80011512E /* Locus */ = {
			isa = PBXNativeTarget;
			buildConfigurationList = 93232E4F209E94D80011512E /* Build configuration list for PBXNativeTarget "Locus" */;
			buildPhases = (
				93232E39209E94D80011512E /* Sources */,
				93232E3A209E94D80011512E /* Frameworks */,
				93232E3B209E94D80011512E /* Resources */,
			);
			buildRules = (
			);
			dependencies = (
			);
			name = Locus;
			productName = Locus;
			productReference = 93232E3D209E94D80011512E /* Locus.app */;
			productType = "com.apple.product-type.application";
		};
/* End PBXNativeTarget section */

/* Begin PBXProject section */
		93232E35209E94D80011512E /* Project object */ = {
			isa = PBXProject;
			attributes = {
				LastSwiftUpdateCheck = 0920;
				LastUpgradeCheck = 0930;
				ORGANIZATIONNAME = Locus;
				TargetAttributes = {
					93232E3C209E94D80011512E = {
						CreatedOnToolsVersion = 9.2;
						ProvisioningStyle = Automatic;
					};
				};
			};
			buildConfigurationList = 93232E38209E94D80011512E /* Build configuration list for PBXProject "Locus" */;
			compatibilityVersion = "Xcode 8.0";
			developmentRegion = en;
			hasScannedForEncodings = 0;
			knownRegions = (
				en,
				Base,
			);
			mainGroup = 93232E34209E94D80011512E;
			productRefGroup = 93232E3E209E94D80011512E /* Products */;
			projectDirPath = "";
			projectRoot = "";
			targets = (
				93232E3C209E94D80011512E /* Locus */,
			);
		};
/* End PBXProject section */

/* Begin PBXResourcesBuildPhase section */
		93232E3B209E94D80011512E /* Resources */ = {
			isa = PBXResourcesBuildPhase;
			buildActionMask = 2147483647;
			files = (
				93232E4B209E94D80011512E /* LaunchScreen.storyboard in Resources */,
				93232E48209E94D80011512E /* Assets.xcassets in Resources */,
				93232E46209E94D80011512E /* Main.storyboard in Resources */,
				679E0313209EA79900B30F2D /* Register.storyboard in Resources */,
			);
			runOnlyForDeploymentPostprocessing = 0;
		};
/* End PBXResourcesBuildPhase section */

/* Begin PBXSourcesBuildPhase section */
		93232E39209E94D80011512E /* Sources */ = {
			isa = PBXSourcesBuildPhase;
			buildActionMask = 2147483647;
			files = (
				93232E5C209EC5B70011512E /* GroupTableViewCell.swift in Sources */,
				93232E53209EB4940011512E /* LoginViewController.swift in Sources */,
				679E0317209EE67500B30F2D /* GroupViewController.swift in Sources */,
				93232E55209EB63B0011512E /* Request.swift in Sources */,
				679E0315209EAC3F00B30F2D /* RegisterViewController.swift in Sources */,
				93232E43209E94D80011512E /* ViewController.swift in Sources */,
				93232E60209ED75A0011512E /* UserCalendarViewController.swift in Sources */,
				93232E41209E94D80011512E /* AppDelegate.swift in Sources */,
				93232E5E209ED6D70011512E /* UserCalendarCollectionViewCell.swift in Sources */,
				93232E62209ED8340011512E /* UserInToggleTableViewCell.swift in Sources */,
			);
			runOnlyForDeploymentPostprocessing = 0;
		};
/* End PBXSourcesBuildPhase section */

/* Begin PBXVariantGroup section */
		93232E44209E94D80011512E /* Main.storyboard */ = {
			isa = PBXVariantGroup;
			children = (
				93232E45209E94D80011512E /* Base */,
			);
			name = Main.storyboard;
			sourceTree = "<group>";
		};
		93232E49209E94D80011512E /* LaunchScreen.storyboard */ = {
			isa = PBXVariantGroup;
			children = (
				93232E4A209E94D80011512E /* Base */,
			);
			name = LaunchScreen.storyboard;
			sourceTree = "<group>";
		};
/* End PBXVariantGroup section */

/* Begin XCBuildConfiguration section */
		93232E4D209E94D80011512E /* Debug */ = {
			isa = XCBuildConfiguration;
			buildSettings = {
				ALWAYS_SEARCH_USER_PATHS = NO;
				CLANG_ANALYZER_NONNULL = YES;
				CLANG_ANALYZER_NUMBER_OBJECT_CONVERSION = YES_AGGRESSIVE;
				CLANG_CXX_LANGUAGE_STANDARD = "gnu++14";
				CLANG_CXX_LIBRARY = "libc++";
				CLANG_ENABLE_MODULES = YES;
				CLANG_ENABLE_OBJC_ARC = YES;
				CLANG_WARN_BLOCK_CAPTURE_AUTORELEASING = YES;
				CLANG_WARN_BOOL_CONVERSION = YES;
				CLANG_WARN_COMMA = YES;
				CLANG_WARN_CONSTANT_CONVERSION = YES;
				CLANG_WARN_DEPRECATED_OBJC_IMPLEMENTATIONS = YES;
				CLANG_WARN_DIRECT_OBJC_ISA_USAGE = YES_ERROR;
				CLANG_WARN_DOCUMENTATION_COMMENTS = YES;
				CLANG_WARN_EMPTY_BODY = YES;
				CLANG_WARN_ENUM_CONVERSION = YES;
				CLANG_WARN_INFINITE_RECURSION = YES;
				CLANG_WARN_INT_CONVERSION = YES;
				CLANG_WARN_NON_LITERAL_NULL_CONVERSION = YES;
				CLANG_WARN_OBJC_IMPLICIT_RETAIN_SELF = YES;
				CLANG_WARN_OBJC_LITERAL_CONVERSION = YES;
				CLANG_WARN_OBJC_ROOT_CLASS = YES_ERROR;
				CLANG_WARN_RANGE_LOOP_ANALYSIS = YES;
				CLANG_WARN_STRICT_PROTOTYPES = YES;
				CLANG_WARN_SUSPICIOUS_MOVE = YES;
				CLANG_WARN_UNGUARDED_AVAILABILITY = YES_AGGRESSIVE;
				CLANG_WARN_UNREACHABLE_CODE = YES;
				CLANG_WARN__DUPLICATE_METHOD_MATCH = YES;
				CODE_SIGN_IDENTITY = "iPhone Developer";
				COPY_PHASE_STRIP = NO;
				DEBUG_INFORMATION_FORMAT = dwarf;
				ENABLE_STRICT_OBJC_MSGSEND = YES;
				ENABLE_TESTABILITY = YES;
				GCC_C_LANGUAGE_STANDARD = gnu11;
				GCC_DYNAMIC_NO_PIC = NO;
				GCC_NO_COMMON_BLOCKS = YES;
				GCC_OPTIMIZATION_LEVEL = 0;
				GCC_PREPROCESSOR_DEFINITIONS = (
					"DEBUG=1",
					"$(inherited)",
				);
				GCC_WARN_64_TO_32_BIT_CONVERSION = YES;
				GCC_WARN_ABOUT_RETURN_TYPE = YES_ERROR;
				GCC_WARN_UNDECLARED_SELECTOR = YES;
				GCC_WARN_UNINITIALIZED_AUTOS = YES_AGGRESSIVE;
				GCC_WARN_UNUSED_FUNCTION = YES;
				GCC_WARN_UNUSED_VARIABLE = YES;
				IPHONEOS_DEPLOYMENT_TARGET = 11.2;
				MTL_ENABLE_DEBUG_INFO = YES;
				ONLY_ACTIVE_ARCH = YES;
				SDKROOT = iphoneos;
				SWIFT_ACTIVE_COMPILATION_CONDITIONS = DEBUG;
				SWIFT_OPTIMIZATION_LEVEL = "-Onone";
			};
			name = Debug;
		};
		93232E4E209E94D80011512E /* Release */ = {
			isa = XCBuildConfiguration;
			buildSettings = {
				ALWAYS_SEARCH_USER_PATHS = NO;
				CLANG_ANALYZER_NONNULL = YES;
				CLANG_ANALYZER_NUMBER_OBJECT_CONVERSION = YES_AGGRESSIVE;
				CLANG_CXX_LANGUAGE_STANDARD = "gnu++14";
				CLANG_CXX_LIBRARY = "libc++";
				CLANG_ENABLE_MODULES = YES;
				CLANG_ENABLE_OBJC_ARC = YES;
				CLANG_WARN_BLOCK_CAPTURE_AUTORELEASING = YES;
				CLANG_WARN_BOOL_CONVERSION = YES;
				CLANG_WARN_COMMA = YES;
				CLANG_WARN_CONSTANT_CONVERSION = YES;
				CLANG_WARN_DEPRECATED_OBJC_IMPLEMENTATIONS = YES;
				CLANG_WARN_DIRECT_OBJC_ISA_USAGE = YES_ERROR;
				CLANG_WARN_DOCUMENTATION_COMMENTS = YES;
				CLANG_WARN_EMPTY_BODY = YES;
				CLANG_WARN_ENUM_CONVERSION = YES;
				CLANG_WARN_INFINITE_RECURSION = YES;
				CLANG_WARN_INT_CONVERSION = YES;
				CLANG_WARN_NON_LITERAL_NULL_CONVERSION = YES;
				CLANG_WARN_OBJC_IMPLICIT_RETAIN_SELF = YES;
				CLANG_WARN_OBJC_LITERAL_CONVERSION = YES;
				CLANG_WARN_OBJC_ROOT_CLASS = YES_ERROR;
				CLANG_WARN_RANGE_LOOP_ANALYSIS = YES;
				CLANG_WARN_STRICT_PROTOTYPES = YES;
				CLANG_WARN_SUSPICIOUS_MOVE = YES;
				CLANG_WARN_UNGUARDED_AVAILABILITY = YES_AGGRESSIVE;
				CLANG_WARN_UNREACHABLE_CODE = YES;
				CLANG_WARN__DUPLICATE_METHOD_MATCH = YES;
				CODE_SIGN_IDENTITY = "iPhone Developer";
				COPY_PHASE_STRIP = NO;
				DEBUG_INFORMATION_FORMAT = "dwarf-with-dsym";
				ENABLE_NS_ASSERTIONS = NO;
				ENABLE_STRICT_OBJC_MSGSEND = YES;
				GCC_C_LANGUAGE_STANDARD = gnu11;
				GCC_NO_COMMON_BLOCKS = YES;
				GCC_WARN_64_TO_32_BIT_CONVERSION = YES;
				GCC_WARN_ABOUT_RETURN_TYPE = YES_ERROR;
				GCC_WARN_UNDECLARED_SELECTOR = YES;
				GCC_WARN_UNINITIALIZED_AUTOS = YES_AGGRESSIVE;
				GCC_WARN_UNUSED_FUNCTION = YES;
				GCC_WARN_UNUSED_VARIABLE = YES;
				IPHONEOS_DEPLOYMENT_TARGET = 11.2;
				MTL_ENABLE_DEBUG_INFO = NO;
				SDKROOT = iphoneos;
				SWIFT_OPTIMIZATION_LEVEL = "-Owholemodule";
				VALIDATE_PRODUCT = YES;
			};
			name = Release;
		};
		93232E50209E94D80011512E /* Debug */ = {
			isa = XCBuildConfiguration;
			buildSettings = {
				ASSETCATALOG_COMPILER_APPICON_NAME = AppIcon;
				CODE_SIGN_STYLE = Automatic;
				DEVELOPMENT_TEAM = 7K58N8K4L5;
				INFOPLIST_FILE = Locus/Info.plist;
				LD_RUNPATH_SEARCH_PATHS = "$(inherited) @executable_path/Frameworks";
				PRODUCT_BUNDLE_IDENTIFIER = Locus.Locus;
				PRODUCT_NAME = "$(TARGET_NAME)";
				SWIFT_VERSION = 4.0;
				TARGETED_DEVICE_FAMILY = "1,2";
			};
			name = Debug;
		};
		93232E51209E94D80011512E /* Release */ = {
			isa = XCBuildConfiguration;
			buildSettings = {
				ASSETCATALOG_COMPILER_APPICON_NAME = AppIcon;
				CODE_SIGN_STYLE = Automatic;
				DEVELOPMENT_TEAM = 7K58N8K4L5;
				INFOPLIST_FILE = Locus/Info.plist;
				LD_RUNPATH_SEARCH_PATHS = "$(inherited) @executable_path/Frameworks";
				PRODUCT_BUNDLE_IDENTIFIER = Locus.Locus;
				PRODUCT_NAME = "$(TARGET_NAME)";
				SWIFT_VERSION = 4.0;
				TARGETED_DEVICE_FAMILY = "1,2";
			};
			name = Release;
		};
/* End XCBuildConfiguration section */

/* Begin XCConfigurationList section */
		93232E38209E94D80011512E /* Build configuration list for PBXProject "Locus" */ = {
			isa = XCConfigurationList;
			buildConfigurations = (
				93232E4D209E94D80011512E /* Debug */,
				93232E4E209E94D80011512E /* Release */,
			);
			defaultConfigurationIsVisible = 0;
			defaultConfigurationName = Release;
		};
		93232E4F209E94D80011512E /* Build configuration list for PBXNativeTarget "Locus" */ = {
			isa = XCConfigurationList;
			buildConfigurations = (
				93232E50209E94D80011512E /* Debug */,
				93232E51209E94D80011512E /* Release */,
			);
			defaultConfigurationIsVisible = 0;
			defaultConfigurationName = Release;
		};
/* End XCConfigurationList section */
	};
	rootObject = 93232E35209E94D80011512E /* Project object */;
}
